
Microsoft Visual Studio Solution File, Format Version 12.00
# Visual Studio Version 17
VisualStudioVersion = 17.4.33213.308
MinimumVisualStudioVersion = 10.0.40219.1
Project("{9A19103F-16F7-4668-BE54-9A1E7A4F7556}") = "ASC.ZoomService", "server\ASC.ZoomService\ASC.ZoomService.csproj", "{46EA4118-7B99-4F3E-BD44-CF03E8E8C79E}"
EndProject
Project("{2150E333-8FDC-42A3-9474-1A3956D46DE8}") = "DocSpace", "DocSpace", "{00A132A5-9CDA-4104-9C1F-D13A9F74A3A1}"
EndProject
Project("{9A19103F-16F7-4668-BE54-9A1E7A4F7556}") = "ASC.Files.Core", "DocSpace\server\products\ASC.Files\Core\ASC.Files.Core.csproj", "{E115C29A-3B59-4FA7-93F0-C0F2D2C92A95}"
EndProject
Project("{9A19103F-16F7-4668-BE54-9A1E7A4F7556}") = "ASC.Web.Core", "DocSpace\server\web\ASC.Web.Core\ASC.Web.Core.csproj", "{942E1232-1D00-4D45-9ABD-B0E120591993}"
EndProject
Project("{9A19103F-16F7-4668-BE54-9A1E7A4F7556}") = "ASC.Api.Core", "DocSpace\server\common\ASC.Api.Core\ASC.Api.Core.csproj", "{A324F6B1-0BCD-430D-A2CB-8BB8553674CF}"
EndProject
Project("{9A19103F-16F7-4668-BE54-9A1E7A4F7556}") = "ASC.Common", "DocSpace\server\common\ASC.Common\ASC.Common.csproj", "{3E701759-4CC1-4009-8A42-60CD6F5E5773}"
EndProject
Project("{9A19103F-16F7-4668-BE54-9A1E7A4F7556}") = "ASC.Core.Common", "DocSpace\server\common\ASC.Core.Common\ASC.Core.Common.csproj", "{A51D0454-4AFA-46DE-89D4-B03D37E1816C}"
EndProject
Project("{9A19103F-16F7-4668-BE54-9A1E7A4F7556}") = "ASC.EventBus", "DocSpace\server\common\ASC.EventBus\ASC.EventBus.csproj", "{12DF3D5E-3C34-4207-9F65-4C0933F95FA9}"
EndProject
Project("{9A19103F-16F7-4668-BE54-9A1E7A4F7556}") = "ASC.FederatedLogin", "DocSpace\server\common\ASC.FederatedLogin\ASC.FederatedLogin.csproj", "{BC8E8741-9462-4422-B9D9-D0D9A4CD26F2}"
EndProject
Project("{9A19103F-16F7-4668-BE54-9A1E7A4F7556}") = "ASC.Notify.Textile", "DocSpace\server\common\ASC.Notify.Textile\ASC.Notify.Textile.csproj", "{AD7F0146-A2BA-4897-9745-B537CDA92917}"
EndProject
Project("{9A19103F-16F7-4668-BE54-9A1E7A4F7556}") = "ASC.Feed", "DocSpace\server\common\ASC.Feed\ASC.Feed.csproj", "{EDEDDF85-8BE3-4897-9A12-E3305767D86D}"
EndProject
Project("{9A19103F-16F7-4668-BE54-9A1E7A4F7556}") = "ASC.IPSecurity", "DocSpace\server\common\ASC.IPSecurity\ASC.IPSecurity.csproj", "{4A69C2D3-D5E9-4786-ADFE-A0C56AC323FF}"
EndProject
Project("{9A19103F-16F7-4668-BE54-9A1E7A4F7556}") = "ASC.AuditTrail", "DocSpace\server\common\services\ASC.AuditTrail\ASC.AuditTrail.csproj", "{958C44BE-14AA-4142-9C8F-424BDC4BACFD}"
EndProject
Project("{9A19103F-16F7-4668-BE54-9A1E7A4F7556}") = "ASC.MessagingSystem", "DocSpace\server\common\ASC.MessagingSystem\ASC.MessagingSystem.csproj", "{7BA644A4-84B0-46F6-BB4E-7C27CDB5C390}"
EndProject
Project("{9A19103F-16F7-4668-BE54-9A1E7A4F7556}") = "ASC.Textile", "DocSpace\server\common\ASC.Textile\ASC.Textile.csproj", "{851D3EC8-157D-4985-9984-47AC88F7708B}"
EndProject
Project("{9A19103F-16F7-4668-BE54-9A1E7A4F7556}") = "ASC.Data.Encryption", "DocSpace\server\common\ASC.Data.Encryption\ASC.Data.Encryption.csproj", "{E84ED8E4-88F7-4250-8CF7-E3461EF71CF5}"
EndProject
Project("{9A19103F-16F7-4668-BE54-9A1E7A4F7556}") = "ASC.Data.Storage", "DocSpace\server\common\ASC.Data.Storage\ASC.Data.Storage.csproj", "{15521F69-DBC2-4199-956D-F4677DE23BCF}"
EndProject
Project("{9A19103F-16F7-4668-BE54-9A1E7A4F7556}") = "ASC.EventBus.ActiveMQ", "DocSpace\server\common\ASC.EventBus.ActiveMQ\ASC.EventBus.ActiveMQ.csproj", "{E5FF0DD4-3968-4EFF-A583-9D43281A4B38}"
EndProject
Project("{9A19103F-16F7-4668-BE54-9A1E7A4F7556}") = "ASC.Webhooks.Core", "DocSpace\server\common\ASC.Webhooks.Core\ASC.Webhooks.Core.csproj", "{815DF7A6-D1F1-4AC3-AE97-2C94C70FEA4F}"
EndProject
Project("{9A19103F-16F7-4668-BE54-9A1E7A4F7556}") = "ASC.EventBus.Extensions.Logger", "DocSpace\server\common\ASC.EventBus.Extensions.Logger\ASC.EventBus.Extensions.Logger.csproj", "{EA18B236-5AC3-4C8A-B681-9CB31F178C18}"
EndProject
Project("{9A19103F-16F7-4668-BE54-9A1E7A4F7556}") = "ASC.ElasticSearch", "DocSpace\server\common\services\ASC.ElasticSearch\ASC.ElasticSearch.csproj", "{AE1A0E06-6CD4-4E1D-8209-22BBBD6D5652}"
EndProject
Project("{9A19103F-16F7-4668-BE54-9A1E7A4F7556}") = "ASC.EventBus.RabbitMQ", "DocSpace\server\common\ASC.EventBus.RabbitMQ\ASC.EventBus.RabbitMQ.csproj", "{5C5B79C6-F63D-427A-A943-4B46DC384835}"
EndProject
Project("{9A19103F-16F7-4668-BE54-9A1E7A4F7556}") = "ASC.Web.Api", "DocSpace\server\web\ASC.Web.Api\ASC.Web.Api.csproj", "{D65E12BD-CF6C-43EA-92AE-6112F4EF9A61}"
EndProject
Project("{9A19103F-16F7-4668-BE54-9A1E7A4F7556}") = "ASC.Data.Backup.Core", "DocSpace\server\common\ASC.Data.Backup.Core\ASC.Data.Backup.Core.csproj", "{2DE427FC-921A-4E94-B986-3E11EF1DA290}"
EndProject
Project("{9A19103F-16F7-4668-BE54-9A1E7A4F7556}") = "ASC.ActiveDirectory", "DocSpace\server\common\ASC.ActiveDirectory\ASC.ActiveDirectory.csproj", "{97A373E8-34B2-40F9-A8A5-81E2DEA39BF6}"
EndProject
Project("{9A19103F-16F7-4668-BE54-9A1E7A4F7556}") = "ASC.Migration.Core", "DocSpace\server\common\ASC.Migration\ASC.Migration.Core.csproj", "{041B12B9-F85D-45EA-9FE6-385F424528F5}"
EndProject
Project("{9A19103F-16F7-4668-BE54-9A1E7A4F7556}") = "ASC.Notify", "DocSpace\server\common\services\ASC.Notify\ASC.Notify.csproj", "{9B682968-C23B-4923-93E3-75ED90D5B145}"
EndProject
Project("{9A19103F-16F7-4668-BE54-9A1E7A4F7556}") = "ASC.ZoomService.Proxy", "server\ASC.ZoomService.Proxy\ASC.ZoomService.Proxy.csproj", "{5858FC25-362F-4934-9924-12263D441F5E}"
EndProject
Global
	GlobalSection(SolutionConfigurationPlatforms) = preSolution
		Debug|Any CPU = Debug|Any CPU
		Release|Any CPU = Release|Any CPU
	EndGlobalSection
	GlobalSection(ProjectConfigurationPlatforms) = postSolution
		{46EA4118-7B99-4F3E-BD44-CF03E8E8C79E}.Debug|Any CPU.ActiveCfg = Debug|Any CPU
		{46EA4118-7B99-4F3E-BD44-CF03E8E8C79E}.Debug|Any CPU.Build.0 = Debug|Any CPU
		{46EA4118-7B99-4F3E-BD44-CF03E8E8C79E}.Release|Any CPU.ActiveCfg = Release|Any CPU
		{46EA4118-7B99-4F3E-BD44-CF03E8E8C79E}.Release|Any CPU.Build.0 = Release|Any CPU
		{E115C29A-3B59-4FA7-93F0-C0F2D2C92A95}.Debug|Any CPU.ActiveCfg = Debug|Any CPU
		{E115C29A-3B59-4FA7-93F0-C0F2D2C92A95}.Debug|Any CPU.Build.0 = Debug|Any CPU
		{E115C29A-3B59-4FA7-93F0-C0F2D2C92A95}.Release|Any CPU.ActiveCfg = Release|Any CPU
		{E115C29A-3B59-4FA7-93F0-C0F2D2C92A95}.Release|Any CPU.Build.0 = Release|Any CPU
		{942E1232-1D00-4D45-9ABD-B0E120591993}.Debug|Any CPU.ActiveCfg = Debug|Any CPU
		{942E1232-1D00-4D45-9ABD-B0E120591993}.Debug|Any CPU.Build.0 = Debug|Any CPU
		{942E1232-1D00-4D45-9ABD-B0E120591993}.Release|Any CPU.ActiveCfg = Release|Any CPU
		{942E1232-1D00-4D45-9ABD-B0E120591993}.Release|Any CPU.Build.0 = Release|Any CPU
		{A324F6B1-0BCD-430D-A2CB-8BB8553674CF}.Debug|Any CPU.ActiveCfg = Debug|Any CPU
		{A324F6B1-0BCD-430D-A2CB-8BB8553674CF}.Debug|Any CPU.Build.0 = Debug|Any CPU
		{A324F6B1-0BCD-430D-A2CB-8BB8553674CF}.Release|Any CPU.ActiveCfg = Release|Any CPU
		{A324F6B1-0BCD-430D-A2CB-8BB8553674CF}.Release|Any CPU.Build.0 = Release|Any CPU
		{3E701759-4CC1-4009-8A42-60CD6F5E5773}.Debug|Any CPU.ActiveCfg = Debug|Any CPU
		{3E701759-4CC1-4009-8A42-60CD6F5E5773}.Debug|Any CPU.Build.0 = Debug|Any CPU
		{3E701759-4CC1-4009-8A42-60CD6F5E5773}.Release|Any CPU.ActiveCfg = Release|Any CPU
		{3E701759-4CC1-4009-8A42-60CD6F5E5773}.Release|Any CPU.Build.0 = Release|Any CPU
		{A51D0454-4AFA-46DE-89D4-B03D37E1816C}.Debug|Any CPU.ActiveCfg = Debug|Any CPU
		{A51D0454-4AFA-46DE-89D4-B03D37E1816C}.Debug|Any CPU.Build.0 = Debug|Any CPU
		{A51D0454-4AFA-46DE-89D4-B03D37E1816C}.Release|Any CPU.ActiveCfg = Release|Any CPU
		{A51D0454-4AFA-46DE-89D4-B03D37E1816C}.Release|Any CPU.Build.0 = Release|Any CPU
		{12DF3D5E-3C34-4207-9F65-4C0933F95FA9}.Debug|Any CPU.ActiveCfg = Debug|Any CPU
		{12DF3D5E-3C34-4207-9F65-4C0933F95FA9}.Debug|Any CPU.Build.0 = Debug|Any CPU
		{12DF3D5E-3C34-4207-9F65-4C0933F95FA9}.Release|Any CPU.ActiveCfg = Release|Any CPU
		{12DF3D5E-3C34-4207-9F65-4C0933F95FA9}.Release|Any CPU.Build.0 = Release|Any CPU
		{BC8E8741-9462-4422-B9D9-D0D9A4CD26F2}.Debug|Any CPU.ActiveCfg = Debug|Any CPU
		{BC8E8741-9462-4422-B9D9-D0D9A4CD26F2}.Debug|Any CPU.Build.0 = Debug|Any CPU
		{BC8E8741-9462-4422-B9D9-D0D9A4CD26F2}.Release|Any CPU.ActiveCfg = Release|Any CPU
		{BC8E8741-9462-4422-B9D9-D0D9A4CD26F2}.Release|Any CPU.Build.0 = Release|Any CPU
		{AD7F0146-A2BA-4897-9745-B537CDA92917}.Debug|Any CPU.ActiveCfg = Debug|Any CPU
		{AD7F0146-A2BA-4897-9745-B537CDA92917}.Debug|Any CPU.Build.0 = Debug|Any CPU
		{AD7F0146-A2BA-4897-9745-B537CDA92917}.Release|Any CPU.ActiveCfg = Release|Any CPU
		{AD7F0146-A2BA-4897-9745-B537CDA92917}.Release|Any CPU.Build.0 = Release|Any CPU
		{EDEDDF85-8BE3-4897-9A12-E3305767D86D}.Debug|Any CPU.ActiveCfg = Debug|Any CPU
		{EDEDDF85-8BE3-4897-9A12-E3305767D86D}.Debug|Any CPU.Build.0 = Debug|Any CPU
		{EDEDDF85-8BE3-4897-9A12-E3305767D86D}.Release|Any CPU.ActiveCfg = Release|Any CPU
		{EDEDDF85-8BE3-4897-9A12-E3305767D86D}.Release|Any CPU.Build.0 = Release|Any CPU
		{4A69C2D3-D5E9-4786-ADFE-A0C56AC323FF}.Debug|Any CPU.ActiveCfg = Debug|Any CPU
		{4A69C2D3-D5E9-4786-ADFE-A0C56AC323FF}.Debug|Any CPU.Build.0 = Debug|Any CPU
		{4A69C2D3-D5E9-4786-ADFE-A0C56AC323FF}.Release|Any CPU.ActiveCfg = Release|Any CPU
		{4A69C2D3-D5E9-4786-ADFE-A0C56AC323FF}.Release|Any CPU.Build.0 = Release|Any CPU
		{958C44BE-14AA-4142-9C8F-424BDC4BACFD}.Debug|Any CPU.ActiveCfg = Debug|Any CPU
		{958C44BE-14AA-4142-9C8F-424BDC4BACFD}.Debug|Any CPU.Build.0 = Debug|Any CPU
		{958C44BE-14AA-4142-9C8F-424BDC4BACFD}.Release|Any CPU.ActiveCfg = Release|Any CPU
		{958C44BE-14AA-4142-9C8F-424BDC4BACFD}.Release|Any CPU.Build.0 = Release|Any CPU
		{7BA644A4-84B0-46F6-BB4E-7C27CDB5C390}.Debug|Any CPU.ActiveCfg = Debug|Any CPU
		{7BA644A4-84B0-46F6-BB4E-7C27CDB5C390}.Debug|Any CPU.Build.0 = Debug|Any CPU
		{7BA644A4-84B0-46F6-BB4E-7C27CDB5C390}.Release|Any CPU.ActiveCfg = Release|Any CPU
		{7BA644A4-84B0-46F6-BB4E-7C27CDB5C390}.Release|Any CPU.Build.0 = Release|Any CPU
		{851D3EC8-157D-4985-9984-47AC88F7708B}.Debug|Any CPU.ActiveCfg = Debug|Any CPU
		{851D3EC8-157D-4985-9984-47AC88F7708B}.Debug|Any CPU.Build.0 = Debug|Any CPU
		{851D3EC8-157D-4985-9984-47AC88F7708B}.Release|Any CPU.ActiveCfg = Release|Any CPU
		{851D3EC8-157D-4985-9984-47AC88F7708B}.Release|Any CPU.Build.0 = Release|Any CPU
		{E84ED8E4-88F7-4250-8CF7-E3461EF71CF5}.Debug|Any CPU.ActiveCfg = Debug|Any CPU
		{E84ED8E4-88F7-4250-8CF7-E3461EF71CF5}.Debug|Any CPU.Build.0 = Debug|Any CPU
		{E84ED8E4-88F7-4250-8CF7-E3461EF71CF5}.Release|Any CPU.ActiveCfg = Release|Any CPU
		{E84ED8E4-88F7-4250-8CF7-E3461EF71CF5}.Release|Any CPU.Build.0 = Release|Any CPU
		{15521F69-DBC2-4199-956D-F4677DE23BCF}.Debug|Any CPU.ActiveCfg = Debug|Any CPU
		{15521F69-DBC2-4199-956D-F4677DE23BCF}.Debug|Any CPU.Build.0 = Debug|Any CPU
		{15521F69-DBC2-4199-956D-F4677DE23BCF}.Release|Any CPU.ActiveCfg = Release|Any CPU
		{15521F69-DBC2-4199-956D-F4677DE23BCF}.Release|Any CPU.Build.0 = Release|Any CPU
		{E5FF0DD4-3968-4EFF-A583-9D43281A4B38}.Debug|Any CPU.ActiveCfg = Debug|Any CPU
		{E5FF0DD4-3968-4EFF-A583-9D43281A4B38}.Debug|Any CPU.Build.0 = Debug|Any CPU
		{E5FF0DD4-3968-4EFF-A583-9D43281A4B38}.Release|Any CPU.ActiveCfg = Release|Any CPU
		{E5FF0DD4-3968-4EFF-A583-9D43281A4B38}.Release|Any CPU.Build.0 = Release|Any CPU
		{815DF7A6-D1F1-4AC3-AE97-2C94C70FEA4F}.Debug|Any CPU.ActiveCfg = Debug|Any CPU
		{815DF7A6-D1F1-4AC3-AE97-2C94C70FEA4F}.Debug|Any CPU.Build.0 = Debug|Any CPU
		{815DF7A6-D1F1-4AC3-AE97-2C94C70FEA4F}.Release|Any CPU.ActiveCfg = Release|Any CPU
		{815DF7A6-D1F1-4AC3-AE97-2C94C70FEA4F}.Release|Any CPU.Build.0 = Release|Any CPU
		{EA18B236-5AC3-4C8A-B681-9CB31F178C18}.Debug|Any CPU.ActiveCfg = Debug|Any CPU
		{EA18B236-5AC3-4C8A-B681-9CB31F178C18}.Debug|Any CPU.Build.0 = Debug|Any CPU
		{EA18B236-5AC3-4C8A-B681-9CB31F178C18}.Release|Any CPU.ActiveCfg = Release|Any CPU
		{EA18B236-5AC3-4C8A-B681-9CB31F178C18}.Release|Any CPU.Build.0 = Release|Any CPU
		{AE1A0E06-6CD4-4E1D-8209-22BBBD6D5652}.Debug|Any CPU.ActiveCfg = Debug|Any CPU
		{AE1A0E06-6CD4-4E1D-8209-22BBBD6D5652}.Debug|Any CPU.Build.0 = Debug|Any CPU
		{AE1A0E06-6CD4-4E1D-8209-22BBBD6D5652}.Release|Any CPU.ActiveCfg = Release|Any CPU
		{AE1A0E06-6CD4-4E1D-8209-22BBBD6D5652}.Release|Any CPU.Build.0 = Release|Any CPU
		{5C5B79C6-F63D-427A-A943-4B46DC384835}.Debug|Any CPU.ActiveCfg = Debug|Any CPU
		{5C5B79C6-F63D-427A-A943-4B46DC384835}.Debug|Any CPU.Build.0 = Debug|Any CPU
		{5C5B79C6-F63D-427A-A943-4B46DC384835}.Release|Any CPU.ActiveCfg = Release|Any CPU
		{5C5B79C6-F63D-427A-A943-4B46DC384835}.Release|Any CPU.Build.0 = Release|Any CPU
		{D65E12BD-CF6C-43EA-92AE-6112F4EF9A61}.Debug|Any CPU.ActiveCfg = Debug|Any CPU
		{D65E12BD-CF6C-43EA-92AE-6112F4EF9A61}.Debug|Any CPU.Build.0 = Debug|Any CPU
		{D65E12BD-CF6C-43EA-92AE-6112F4EF9A61}.Release|Any CPU.ActiveCfg = Release|Any CPU
		{D65E12BD-CF6C-43EA-92AE-6112F4EF9A61}.Release|Any CPU.Build.0 = Release|Any CPU
		{2DE427FC-921A-4E94-B986-3E11EF1DA290}.Debug|Any CPU.ActiveCfg = Debug|Any CPU
		{2DE427FC-921A-4E94-B986-3E11EF1DA290}.Debug|Any CPU.Build.0 = Debug|Any CPU
		{2DE427FC-921A-4E94-B986-3E11EF1DA290}.Release|Any CPU.ActiveCfg = Release|Any CPU
		{2DE427FC-921A-4E94-B986-3E11EF1DA290}.Release|Any CPU.Build.0 = Release|Any CPU
		{97A373E8-34B2-40F9-A8A5-81E2DEA39BF6}.Debug|Any CPU.ActiveCfg = Debug|Any CPU
		{97A373E8-34B2-40F9-A8A5-81E2DEA39BF6}.Debug|Any CPU.Build.0 = Debug|Any CPU
		{97A373E8-34B2-40F9-A8A5-81E2DEA39BF6}.Release|Any CPU.ActiveCfg = Release|Any CPU
		{97A373E8-34B2-40F9-A8A5-81E2DEA39BF6}.Release|Any CPU.Build.0 = Release|Any CPU
		{041B12B9-F85D-45EA-9FE6-385F424528F5}.Debug|Any CPU.ActiveCfg = Debug|Any CPU
		{041B12B9-F85D-45EA-9FE6-385F424528F5}.Debug|Any CPU.Build.0 = Debug|Any CPU
		{041B12B9-F85D-45EA-9FE6-385F424528F5}.Release|Any CPU.ActiveCfg = Release|Any CPU
		{041B12B9-F85D-45EA-9FE6-385F424528F5}.Release|Any CPU.Build.0 = Release|Any CPU
		{9B682968-C23B-4923-93E3-75ED90D5B145}.Debug|Any CPU.ActiveCfg = Debug|Any CPU
		{9B682968-C23B-4923-93E3-75ED90D5B145}.Debug|Any CPU.Build.0 = Debug|Any CPU
		{9B682968-C23B-4923-93E3-75ED90D5B145}.Release|Any CPU.ActiveCfg = Release|Any CPU
		{9B682968-C23B-4923-93E3-75ED90D5B145}.Release|Any CPU.Build.0 = Release|Any CPU
		{5858FC25-362F-4934-9924-12263D441F5E}.Debug|Any CPU.ActiveCfg = Debug|Any CPU
		{5858FC25-362F-4934-9924-12263D441F5E}.Debug|Any CPU.Build.0 = Debug|Any CPU
		{5858FC25-362F-4934-9924-12263D441F5E}.Release|Any CPU.ActiveCfg = Release|Any CPU
		{5858FC25-362F-4934-9924-12263D441F5E}.Release|Any CPU.Build.0 = Release|Any CPU
	EndGlobalSection
	GlobalSection(SolutionProperties) = preSolution
		HideSolutionNode = FALSE
	EndGlobalSection
	GlobalSection(NestedProjects) = preSolution
		{E115C29A-3B59-4FA7-93F0-C0F2D2C92A95} = {00A132A5-9CDA-4104-9C1F-D13A9F74A3A1}
		{942E1232-1D00-4D45-9ABD-B0E120591993} = {00A132A5-9CDA-4104-9C1F-D13A9F74A3A1}
		{A324F6B1-0BCD-430D-A2CB-8BB8553674CF} = {00A132A5-9CDA-4104-9C1F-D13A9F74A3A1}
		{3E701759-4CC1-4009-8A42-60CD6F5E5773} = {00A132A5-9CDA-4104-9C1F-D13A9F74A3A1}
		{A51D0454-4AFA-46DE-89D4-B03D37E1816C} = {00A132A5-9CDA-4104-9C1F-D13A9F74A3A1}
		{12DF3D5E-3C34-4207-9F65-4C0933F95FA9} = {00A132A5-9CDA-4104-9C1F-D13A9F74A3A1}
		{BC8E8741-9462-4422-B9D9-D0D9A4CD26F2} = {00A132A5-9CDA-4104-9C1F-D13A9F74A3A1}
		{AD7F0146-A2BA-4897-9745-B537CDA92917} = {00A132A5-9CDA-4104-9C1F-D13A9F74A3A1}
		{EDEDDF85-8BE3-4897-9A12-E3305767D86D} = {00A132A5-9CDA-4104-9C1F-D13A9F74A3A1}
		{4A69C2D3-D5E9-4786-ADFE-A0C56AC323FF} = {00A132A5-9CDA-4104-9C1F-D13A9F74A3A1}
		{958C44BE-14AA-4142-9C8F-424BDC4BACFD} = {00A132A5-9CDA-4104-9C1F-D13A9F74A3A1}
		{7BA644A4-84B0-46F6-BB4E-7C27CDB5C390} = {00A132A5-9CDA-4104-9C1F-D13A9F74A3A1}
		{851D3EC8-157D-4985-9984-47AC88F7708B} = {00A132A5-9CDA-4104-9C1F-D13A9F74A3A1}
		{E84ED8E4-88F7-4250-8CF7-E3461EF71CF5} = {00A132A5-9CDA-4104-9C1F-D13A9F74A3A1}
		{15521F69-DBC2-4199-956D-F4677DE23BCF} = {00A132A5-9CDA-4104-9C1F-D13A9F74A3A1}
		{E5FF0DD4-3968-4EFF-A583-9D43281A4B38} = {00A132A5-9CDA-4104-9C1F-D13A9F74A3A1}
		{815DF7A6-D1F1-4AC3-AE97-2C94C70FEA4F} = {00A132A5-9CDA-4104-9C1F-D13A9F74A3A1}
		{EA18B236-5AC3-4C8A-B681-9CB31F178C18} = {00A132A5-9CDA-4104-9C1F-D13A9F74A3A1}
		{AE1A0E06-6CD4-4E1D-8209-22BBBD6D5652} = {00A132A5-9CDA-4104-9C1F-D13A9F74A3A1}
		{5C5B79C6-F63D-427A-A943-4B46DC384835} = {00A132A5-9CDA-4104-9C1F-D13A9F74A3A1}
		{D65E12BD-CF6C-43EA-92AE-6112F4EF9A61} = {00A132A5-9CDA-4104-9C1F-D13A9F74A3A1}
		{2DE427FC-921A-4E94-B986-3E11EF1DA290} = {00A132A5-9CDA-4104-9C1F-D13A9F74A3A1}
		{97A373E8-34B2-40F9-A8A5-81E2DEA39BF6} = {00A132A5-9CDA-4104-9C1F-D13A9F74A3A1}
		{041B12B9-F85D-45EA-9FE6-385F424528F5} = {00A132A5-9CDA-4104-9C1F-D13A9F74A3A1}
		{9B682968-C23B-4923-93E3-75ED90D5B145} = {00A132A5-9CDA-4104-9C1F-D13A9F74A3A1}
	EndGlobalSection
	GlobalSection(ExtensibilityGlobals) = postSolution
		SolutionGuid = {3C7B881C-3799-444A-9460-09D6037FEABB}
	EndGlobalSection
EndGlobal
